
Microsoft Visual Studio Solution File, Format Version 12.00
# Visual Studio Version 17
VisualStudioVersion = 17.3.32929.385
MinimumVisualStudioVersion = 10.0.40219.1
Project("{9A19103F-16F7-4668-BE54-9A1E7A4F7556}") = "InjaAPI", "InjaAPI\InjaAPI.csproj", "{24F81C1A-3882-43C1-817A-64625E4240E7}"
EndProject
Project("{9A19103F-16F7-4668-BE54-9A1E7A4F7556}") = "InjaData", "InjaData\InjaData.csproj", "{C01CC468-2A1D-4B48-817B-6EA47C483ACB}"
EndProject
Project("{9A19103F-16F7-4668-BE54-9A1E7A4F7556}") = "InjaAdmin", "InjaAdmin\InjaAdmin.csproj", "{001D742B-5DD9-46C6-AD2B-2C489F14A73B}"
EndProject
Project("{9A19103F-16F7-4668-BE54-9A1E7A4F7556}") = "InjaDTO", "InjaDTO\InjaDTO.csproj", "{7C37136F-5489-42AB-BE14-B939E9B52594}"
EndProject
Project("{9A19103F-16F7-4668-BE54-9A1E7A4F7556}") = "MinimalWebApi", "MinimalWebApi\MinimalWebApi.csproj", "{CE90221E-CA14-4386-99FC-6345FFC9B7AB}"
EndProject
Global
	GlobalSection(SolutionConfigurationPlatforms) = preSolution
		Debug|Any CPU = Debug|Any CPU
		Release|Any CPU = Release|Any CPU
	EndGlobalSection
	GlobalSection(ProjectConfigurationPlatforms) = postSolution
		{24F81C1A-3882-43C1-817A-64625E4240E7}.Debug|Any CPU.ActiveCfg = Debug|Any CPU
		{24F81C1A-3882-43C1-817A-64625E4240E7}.Debug|Any CPU.Build.0 = Debug|Any CPU
		{24F81C1A-3882-43C1-817A-64625E4240E7}.Release|Any CPU.ActiveCfg = Release|Any CPU
		{24F81C1A-3882-43C1-817A-64625E4240E7}.Release|Any CPU.Build.0 = Release|Any CPU
		{C01CC468-2A1D-4B48-817B-6EA47C483ACB}.Release|Any CPU.ActiveCfg = Release|Any CPU
		{C01CC468-2A1D-4B48-817B-6EA47C483ACB}.Release|Any CPU.Build.0 = Release|Any CPU
		{C01CC468-2A1D-4B48-817B-6EA47C483ACB}.Debug|Any CPU.ActiveCfg = Debug|Any CPU
		{C01CC468-2A1D-4B48-817B-6EA47C483ACB}.Debug|Any CPU.Build.0 = Debug|Any CPU
		{001D742B-5DD9-46C6-AD2B-2C489F14A73B}.Debug|Any CPU.ActiveCfg = Debug|Any CPU
		{001D742B-5DD9-46C6-AD2B-2C489F14A73B}.Debug|Any CPU.Build.0 = Debug|Any CPU
		{001D742B-5DD9-46C6-AD2B-2C489F14A73B}.Release|Any CPU.ActiveCfg = Release|Any CPU
		{001D742B-5DD9-46C6-AD2B-2C489F14A73B}.Release|Any CPU.Build.0 = Release|Any CPU
		{7C37136F-5489-42AB-BE14-B939E9B52594}.Release|Any CPU.ActiveCfg = Release|Any CPU
		{7C37136F-5489-42AB-BE14-B939E9B52594}.Release|Any CPU.Build.0 = Release|Any CPU
		{7C37136F-5489-42AB-BE14-B939E9B52594}.Debug|Any CPU.ActiveCfg = Debug|Any CPU
		{7C37136F-5489-42AB-BE14-B939E9B52594}.Debug|Any CPU.Build.0 = Debug|Any CPU
		{CE90221E-CA14-4386-99FC-6345FFC9B7AB}.Debug|Any CPU.ActiveCfg = Debug|Any CPU
		{CE90221E-CA14-4386-99FC-6345FFC9B7AB}.Debug|Any CPU.Build.0 = Debug|Any CPU
		{CE90221E-CA14-4386-99FC-6345FFC9B7AB}.Release|Any CPU.ActiveCfg = Release|Any CPU
		{CE90221E-CA14-4386-99FC-6345FFC9B7AB}.Release|Any CPU.Build.0 = Release|Any CPU
	EndGlobalSection
	GlobalSection(SolutionProperties) = preSolution
		HideSolutionNode = FALSE
	EndGlobalSection
	GlobalSection(ExtensibilityGlobals) = postSolution
		SolutionGuid = {38C3D1A6-90DB-40E4-956E-D3BBACF89A88}
	EndGlobalSection
EndGlobal
